
Microsoft Visual Studio Solution File, Format Version 12.00
# Visual Studio 15
VisualStudioVersion = 15.0.27703.2026
MinimumVisualStudioVersion = 10.0.40219.1
Project("{9A19103F-16F7-4668-BE54-9A1E7A4F7556}") = "CoreAPI", "CoreAPI\CoreAPI.csproj", "{F76FAE9C-DA91-4852-8142-6DC0338D23DD}"
EndProject
Project("{9A19103F-16F7-4668-BE54-9A1E7A4F7556}") = "MVCApplication", "MVCApplication\MVCApplication.csproj", "{8D4153EC-26EE-4808-A0FC-CD73568A43AE}"
EndProject
Project("{9A19103F-16F7-4668-BE54-9A1E7A4F7556}") = "BL_Core", "BL_Core\BL_Core.csproj", "{0ACC4163-2BEF-403F-8BDB-173C14243CFB}"
EndProject
Project("{FAE04EC0-301F-11D3-BF4B-00C04F79EFBC}") = "AspNetApplicationWithOutCore", "AspNetApplicationWithOutCore\AspNetApplicationWithOutCore.csproj", "{3BF1E7FB-0797-49CB-A737-E3CB126E8789}"
EndProject
Global
	GlobalSection(SolutionConfigurationPlatforms) = preSolution
		Debug|Any CPU = Debug|Any CPU
		Release|Any CPU = Release|Any CPU
	EndGlobalSection
	GlobalSection(ProjectConfigurationPlatforms) = postSolution
		{F76FAE9C-DA91-4852-8142-6DC0338D23DD}.Debug|Any CPU.ActiveCfg = Debug|Any CPU
		{F76FAE9C-DA91-4852-8142-6DC0338D23DD}.Debug|Any CPU.Build.0 = Debug|Any CPU
		{F76FAE9C-DA91-4852-8142-6DC0338D23DD}.Release|Any CPU.ActiveCfg = Release|Any CPU
		{F76FAE9C-DA91-4852-8142-6DC0338D23DD}.Release|Any CPU.Build.0 = Release|Any CPU
		{8D4153EC-26EE-4808-A0FC-CD73568A43AE}.Debug|Any CPU.ActiveCfg = Debug|Any CPU
		{8D4153EC-26EE-4808-A0FC-CD73568A43AE}.Debug|Any CPU.Build.0 = Debug|Any CPU
		{8D4153EC-26EE-4808-A0FC-CD73568A43AE}.Release|Any CPU.ActiveCfg = Release|Any CPU
		{8D4153EC-26EE-4808-A0FC-CD73568A43AE}.Release|Any CPU.Build.0 = Release|Any CPU
		{0ACC4163-2BEF-403F-8BDB-173C14243CFB}.Debug|Any CPU.ActiveCfg = Debug|Any CPU
		{0ACC4163-2BEF-403F-8BDB-173C14243CFB}.Debug|Any CPU.Build.0 = Debug|Any CPU
		{0ACC4163-2BEF-403F-8BDB-173C14243CFB}.Release|Any CPU.ActiveCfg = Release|Any CPU
		{0ACC4163-2BEF-403F-8BDB-173C14243CFB}.Release|Any CPU.Build.0 = Release|Any CPU
		{3BF1E7FB-0797-49CB-A737-E3CB126E8789}.Debug|Any CPU.ActiveCfg = Debug|Any CPU
		{3BF1E7FB-0797-49CB-A737-E3CB126E8789}.Debug|Any CPU.Build.0 = Debug|Any CPU
		{3BF1E7FB-0797-49CB-A737-E3CB126E8789}.Release|Any CPU.ActiveCfg = Release|Any CPU
		{3BF1E7FB-0797-49CB-A737-E3CB126E8789}.Release|Any CPU.Build.0 = Release|Any CPU
	EndGlobalSection
	GlobalSection(SolutionProperties) = preSolution
		HideSolutionNode = FALSE
	EndGlobalSection
	GlobalSection(ExtensibilityGlobals) = postSolution
		SolutionGuid = {524CA28F-1BCD-4366-B414-C6B9E7380E96}
	EndGlobalSection
EndGlobal
