
Microsoft Visual Studio Solution File, Format Version 12.00
# Visual Studio 15
VisualStudioVersion = 15.0.27703.2026
MinimumVisualStudioVersion = 10.0.40219.1
Project("{FAE04EC0-301F-11D3-BF4B-00C04F79EFBC}") = "MyCoreApp", "MyCoreApp\MyCoreApp.csproj", "{ED9A5FF7-8A8F-4384-BB52-845E0A842DBA}"
EndProject
Global
	GlobalSection(SolutionConfigurationPlatforms) = preSolution
		Debug|Any CPU = Debug|Any CPU
		Release|Any CPU = Release|Any CPU
	EndGlobalSection
	GlobalSection(ProjectConfigurationPlatforms) = postSolution
		{ED9A5FF7-8A8F-4384-BB52-845E0A842DBA}.Debug|Any CPU.ActiveCfg = Debug|Any CPU
		{ED9A5FF7-8A8F-4384-BB52-845E0A842DBA}.Debug|Any CPU.Build.0 = Debug|Any CPU
		{ED9A5FF7-8A8F-4384-BB52-845E0A842DBA}.Release|Any CPU.ActiveCfg = Release|Any CPU
		{ED9A5FF7-8A8F-4384-BB52-845E0A842DBA}.Release|Any CPU.Build.0 = Release|Any CPU
	EndGlobalSection
	GlobalSection(SolutionProperties) = preSolution
		HideSolutionNode = FALSE
	EndGlobalSection
	GlobalSection(ExtensibilityGlobals) = postSolution
		SolutionGuid = {0EB4D578-814E-48E7-9C8A-78D82B79574D}
	EndGlobalSection
EndGlobal
